
Microsoft Visual Studio Solution File, Format Version 12.00
# Visual Studio Version 17
VisualStudioVersion = 17.11.35222.181
MinimumVisualStudioVersion = 10.0.40219.1
Project("{FAE04EC0-301F-11D3-BF4B-00C04F79EFBC}") = "ReactWithASP.Server", "ReactWithASP.Server\ReactWithASP.Server.csproj", "{60FCFFC9-BD29-4EC3-A460-C7BB45FEFB55}"
EndProject
Project("{54A90642-561A-4BB1-A94E-469ADEE60C69}") = "reactwithasp.client", "reactwithasp.client\reactwithasp.client.esproj", "{450EB2AE-797F-4F3A-A759-0CE0B0E9BAB0}"
EndProject
Global
	GlobalSection(SolutionConfigurationPlatforms) = preSolution
		Debug|Any CPU = Debug|Any CPU
		Release|Any CPU = Release|Any CPU
	EndGlobalSection
	GlobalSection(ProjectConfigurationPlatforms) = postSolution
		{60FCFFC9-BD29-4EC3-A460-C7BB45FEFB55}.Debug|Any CPU.ActiveCfg = Debug|Any CPU
		{60FCFFC9-BD29-4EC3-A460-C7BB45FEFB55}.Debug|Any CPU.Build.0 = Debug|Any CPU
		{60FCFFC9-BD29-4EC3-A460-C7BB45FEFB55}.Release|Any CPU.ActiveCfg = Release|Any CPU
		{60FCFFC9-BD29-4EC3-A460-C7BB45FEFB55}.Release|Any CPU.Build.0 = Release|Any CPU
		{450EB2AE-797F-4F3A-A759-0CE0B0E9BAB0}.Debug|Any CPU.ActiveCfg = Debug|Any CPU
		{450EB2AE-797F-4F3A-A759-0CE0B0E9BAB0}.Debug|Any CPU.Build.0 = Debug|Any CPU
		{450EB2AE-797F-4F3A-A759-0CE0B0E9BAB0}.Debug|Any CPU.Deploy.0 = Debug|Any CPU
		{450EB2AE-797F-4F3A-A759-0CE0B0E9BAB0}.Release|Any CPU.ActiveCfg = Release|Any CPU
		{450EB2AE-797F-4F3A-A759-0CE0B0E9BAB0}.Release|Any CPU.Build.0 = Release|Any CPU
		{450EB2AE-797F-4F3A-A759-0CE0B0E9BAB0}.Release|Any CPU.Deploy.0 = Release|Any CPU
	EndGlobalSection
	GlobalSection(SolutionProperties) = preSolution
		HideSolutionNode = FALSE
	EndGlobalSection
	GlobalSection(ExtensibilityGlobals) = postSolution
		SolutionGuid = {CB99B3E4-92C8-46A1-86B8-9BBC7175AF32}
	EndGlobalSection
EndGlobal
